[root]
name = "buffer"
version = "0.1.0"
dependencies = [
 "arrayvec 0.3.16 (registry+https://github.com/rust-lang/crates.io-index)",
 "mac 0.0.2 (registry+https://github.com/rust-lang/crates.io-index)",
]

[[package]]
name = "arrayvec"
version = "0.3.16"
source = "registry+https://github.com/rust-lang/crates.io-index"
dependencies = [
 "nodrop 0.1.6 (registry+https://github.com/rust-lang/crates.io-index)",
 "odds 0.2.12 (registry+https://github.com/rust-lang/crates.io-index)",
]

[[package]]
name = "mac"
version = "0.0.2"
source = "registry+https://github.com/rust-lang/crates.io-index"

[[package]]
name = "nodrop"
version = "0.1.6"
source = "registry+https://github.com/rust-lang/crates.io-index"
dependencies = [
 "odds 0.2.12 (registry+https://github.com/rust-lang/crates.io-index)",
]

[[package]]
name = "odds"
version = "0.2.12"
source = "registry+https://github.com/rust-lang/crates.io-index"

